lockfileVersion: '9.0'

settings:
  autoInstallPeers: true
  excludeLinksFromLockfile: false

importers:

  .:
    devDependencies:
      marked:
        specifier: ^18.0.5
        version: 18.0.13

packages:

  marked@18.0.13:
    resolution: {integrity: sha512-xTxVzZsBFwunP6HDmtBkabUQEYArnP7/rMDGmPj9SlrKlQ4i8MdYVow+nJL0eOqwpUqhzBoTBRADGN6uYwPyOw==}
    engines: {node: '>= 20'}
    hasBin: true

snapshots:

  marked@18.0.13: {}
